
Microsoft Visual Studio Solution File, Format Version 12.00
# Visual Studio Version 17
VisualStudioVersion = 17.11.35219.272
MinimumVisualStudioVersion = 10.0.40219.1
Project("{FAE04EC0-301F-11D3-BF4B-00C04F79EFBC}") = "UniversityAPI.Presentation", "UniversityAPI\UniversityAPI.Presentation.csproj", "{2E180393-F684-489A-91C1-E402AED139D4}"
EndProject
Project("{FAE04EC0-301F-11D3-BF4B-00C04F79EFBC}") = "UniversityAPI.Domain", "UniversityAPI.Domain\UniversityAPI.Domain.csproj", "{14CDB4EF-8BE7-4175-B8BD-5B3C6974DEF1}"
EndProject
Project("{FAE04EC0-301F-11D3-BF4B-00C04F79EFBC}") = "UniversityAPI.Infrastructure", "UniversityAPI.Infrastructure\UniversityAPI.Infrastructure.csproj", "{061DF0A2-500A-4B45-BCDD-1BF2015B87C6}"
EndProject
Project("{FAE04EC0-301F-11D3-BF4B-00C04F79EFBC}") = "UniversityAPI.Application", "UniversityAPI.Application\UniversityAPI.Application.csproj", "{DE3A6D19-AD74-46D1-BC12-F6C2B2315529}"
EndProject
Project("{FAE04EC0-301F-11D3-BF4B-00C04F79EFBC}") = "UniversityAPI.Tests", "UniversityAPI.Tests\UniversityAPI.Tests.csproj", "{5D4091ED-78B2-46B7-AFFA-55EB852D9D1D}"
EndProject
Global
	GlobalSection(SolutionConfigurationPlatforms) = preSolution
		Debug|Any CPU = Debug|Any CPU
		Release|Any CPU = Release|Any CPU
	EndGlobalSection
	GlobalSection(ProjectConfigurationPlatforms) = postSolution
		{2E180393-F684-489A-91C1-E402AED139D4}.Debug|Any CPU.ActiveCfg = Debug|Any CPU
		{2E180393-F684-489A-91C1-E402AED139D4}.Debug|Any CPU.Build.0 = Debug|Any CPU
		{2E180393-F684-489A-91C1-E402AED139D4}.Release|Any CPU.ActiveCfg = Release|Any CPU
		{2E180393-F684-489A-91C1-E402AED139D4}.Release|Any CPU.Build.0 = Release|Any CPU
		{14CDB4EF-8BE7-4175-B8BD-5B3C6974DEF1}.Debug|Any CPU.ActiveCfg = Debug|Any CPU
		{14CDB4EF-8BE7-4175-B8BD-5B3C6974DEF1}.Debug|Any CPU.Build.0 = Debug|Any CPU
		{14CDB4EF-8BE7-4175-B8BD-5B3C6974DEF1}.Release|Any CPU.ActiveCfg = Release|Any CPU
		{14CDB4EF-8BE7-4175-B8BD-5B3C6974DEF1}.Release|Any CPU.Build.0 = Release|Any CPU
		{061DF0A2-500A-4B45-BCDD-1BF2015B87C6}.Debug|Any CPU.ActiveCfg = Debug|Any CPU
		{061DF0A2-500A-4B45-BCDD-1BF2015B87C6}.Debug|Any CPU.Build.0 = Debug|Any CPU
		{061DF0A2-500A-4B45-BCDD-1BF2015B87C6}.Release|Any CPU.ActiveCfg = Release|Any CPU
		{061DF0A2-500A-4B45-BCDD-1BF2015B87C6}.Release|Any CPU.Build.0 = Release|Any CPU
		{DE3A6D19-AD74-46D1-BC12-F6C2B2315529}.Debug|Any CPU.ActiveCfg = Debug|Any CPU
		{DE3A6D19-AD74-46D1-BC12-F6C2B2315529}.Debug|Any CPU.Build.0 = Debug|Any CPU
		{DE3A6D19-AD74-46D1-BC12-F6C2B2315529}.Release|Any CPU.ActiveCfg = Release|Any CPU
		{DE3A6D19-AD74-46D1-BC12-F6C2B2315529}.Release|Any CPU.Build.0 = Release|Any CPU
		{5D4091ED-78B2-46B7-AFFA-55EB852D9D1D}.Debug|Any CPU.ActiveCfg = Debug|Any CPU
		{5D4091ED-78B2-46B7-AFFA-55EB852D9D1D}.Debug|Any CPU.Build.0 = Debug|Any CPU
		{5D4091ED-78B2-46B7-AFFA-55EB852D9D1D}.Release|Any CPU.ActiveCfg = Release|Any CPU
		{5D4091ED-78B2-46B7-AFFA-55EB852D9D1D}.Release|Any CPU.Build.0 = Release|Any CPU
	EndGlobalSection
	GlobalSection(SolutionProperties) = preSolution
		HideSolutionNode = FALSE
	EndGlobalSection
	GlobalSection(ExtensibilityGlobals) = postSolution
		SolutionGuid = {F78FD5AA-2600-4517-8EA9-F371CCC9DBAD}
	EndGlobalSection
EndGlobal
